%{
  "complex": {:hex, :complex, "0.5.0", "af2d2331ff6170b61bb738695e481b27a66780e18763e066ee2cd863d0b1dd92", [:mix], [], "hexpm", "2683bd3c184466cfb94fad74cbfddfaa94b860e27ad4ca1bffe3bff169d91ef1"},
  "elixir_make": {:hex, :elixir_make, "0.7.5", "784cc00f5fa24239067cc04d449437dcc5f59353c44eb08f188b2b146568738a", [:mix], [{:castore, "~> 0.1", [hex: :castore, repo: "hexpm", optional: true]}], "hexpm", "c3d63e8d5c92fa3880d89ecd41de59473fa2e83eeb68148155e25e8b95aa2887"},
  "nx": {:hex, :nx, "0.5.1", "118134b8c97c2a8f86c87aa8434994c1cbbe139a306b89cca04e08dd46228067", [:mix], [{:complex, "~> 0.5", [hex: :complex, repo: "hexpm", optional: false]}, {:telemetry, "~> 0.4.0 or ~> 1.0", [hex: :telemetry, repo: "hexpm", optional: false]}], "hexpm", "ceb8fbbe19b3c4252a7188d8b0e059fac9da0f4a4f3bb770fc665fdd0b29f0c5"},
  "telemetry": {:hex, :telemetry, "1.2.1", "68fdfe8d8f05a8428483a97d7aab2f268aaff24b49e0f599faa091f1d4e7f61c", [:rebar3], [], "hexpm", "dad9ce9d8effc621708f99eac538ef1cbe05d6a874dd741de2e689c47feafed5"},
}
